{
  "name": "hatech-web-component-editor",
  "version": "0.0.3",
  "lockfileVersion": 1,
  "requires": true,
  "dependencies": {
    "@tinymce/tinymce-vue": {
      "version": "3.2.6",
      "resolved": "http://192.168.1.18:6789/@tinymce%2ftinymce-vue/-/tinymce-vue-3.2.6.tgz",
      "integrity": "sha512-MOzYtjvzzjY2ziiK3a9Mbv/Yl4KptAqQD1l51OVjme4CF1RapEevSgnKHTzsu61F8iHfRjFogdCWy2QG6HATNg=="
    },
    "hatech-web-component": {
      "version": "0.0.8",
      "resolved": "http://192.168.1.18:6789/hatech-web-component/-/hatech-web-component-0.0.8.tgz",
      "integrity": "sha512-DwVdAgksv4ULv8jTHLYDc3wXYJr8SC5fqDuwJGlh9BMI+/WpwKgEr4jLlk3xKXTVUOut19MLpbcKJWTYAT5KUw=="
    },
    "tinymce": {
      "version": "5.5.1",
      "resolved": "http://192.168.1.18:6789/tinymce/-/tinymce-5.5.1.tgz",
      "integrity": "sha512-z03C8/0TBby68Kp7YUTSCZ0QJINsFCv9U+Cv3TNHg+T1spZ4V6vOIgD0zeTd/xKqkru0P7IOHoeAnOjfpTLq7g=="
    }
  }
}
